<?xml version="1.0" encoding="UTF-8"?>
<!DOCTYPE plist PUBLIC "-//Apple//DTD PLIST 1.0//EN" "http://www.apple.com/DTDs/PropertyList-1.0.dtd">
<plist version="1.0">
<dict>
	<key>archiveVersion</key>
	<string>1</string>
	<key>classes</key>
	<dict/>
	<key>objectVersion</key>
	<string>46</string>
	<key>objects</key>
	<dict>
		<key>01A6CCFC17844CBD9EEE5DD4</key>
		<dict>
			<key>includeInIndex</key>
			<string>1</string>
			<key>isa</key>
			<string>PBXFileReference</string>
			<key>lastKnownFileType</key>
			<string>text.xcconfig</string>
			<key>name</key>
			<string>Pods.xcconfig</string>
			<key>path</key>
			<string>Pods/Pods.xcconfig</string>
			<key>sourceTree</key>
			<string>&lt;group&gt;</string>
		</dict>
		<key>259337161825BDA80044B183</key>
		<dict>
			<key>fileEncoding</key>
			<string>4</string>
			<key>isa</key>
			<string>PBXFileReference</string>
			<key>lastKnownFileType</key>
			<string>sourcecode.c.h</string>
			<key>path</key>
			<string>RemoteDrawer.h</string>
			<key>sourceTree</key>
			<string>&lt;group&gt;</string>
		</dict>
		<key>259337171825BDA80044B183</key>
		<dict>
			<key>fileEncoding</key>
			<string>4</string>
			<key>isa</key>
			<string>PBXFileReference</string>
			<key>lastKnownFileType</key>
			<string>sourcecode.c.objc</string>
			<key>path</key>
			<string>RemoteDrawer.m</string>
			<key>sourceTree</key>
			<string>&lt;group&gt;</string>
		</dict>
		<key>259337181825BDA80044B183</key>
		<dict>
			<key>fileRef</key>
			<string>259337171825BDA80044B183</string>
			<key>isa</key>
			<string>PBXBuildFile</string>
		</dict>
		<key>2593371918296FE60044B183</key>
		<dict>
			<key>isa</key>
			<string>PBXFileReference</string>
			<key>lastKnownFileType</key>
			<string>image.png</string>
			<key>path</key>
			<string>rondo.png</string>
			<key>sourceTree</key>
			<string>&lt;group&gt;</string>
		</dict>
		<key>2593371A18296FE60044B183</key>
		<dict>
			<key>fileRef</key>
			<string>2593371918296FE60044B183</string>
			<key>isa</key>
			<string>PBXBuildFile</string>
		</dict>
		<key>25BC7C3E17F37FF900A295FC</key>
		<dict>
			<key>children</key>
			<array>
				<string>25F5D04718108C8F002B8D47</string>
				<string>25F5D04518108C89002B8D47</string>
				<string>25F5D04318108C84002B8D47</string>
				<string>25F5D04118108C49002B8D47</string>
				<string>25BC7C5017F37FF900A295FC</string>
				<string>25BC7C4917F37FF900A295FC</string>
				<string>25BC7C4817F37FF900A295FC</string>
				<string>01A6CCFC17844CBD9EEE5DD4</string>
			</array>
			<key>isa</key>
			<string>PBXGroup</string>
			<key>sourceTree</key>
			<string>&lt;group&gt;</string>
		</dict>
		<key>25BC7C3F17F37FF900A295FC</key>
		<dict>
			<key>attributes</key>
			<dict>
				<key>LastUpgradeCheck</key>
				<string>0460</string>
				<key>ORGANIZATIONNAME</key>
				<string>&#321;ukasz Czarnecki</string>
				<key>TargetAttributes</key>
				<dict>
					<key>25BC7C4617F37FF900A295FC</key>
					<dict>
						<key>DevelopmentTeam</key>
						<string>3XMEJVN798</string>
					</dict>
				</dict>
			</dict>
			<key>buildConfigurationList</key>
			<string>25BC7C4217F37FF900A295FC</string>
			<key>compatibilityVersion</key>
			<string>Xcode 3.2</string>
			<key>developmentRegion</key>
			<string>English</string>
			<key>hasScannedForEncodings</key>
			<string>0</string>
			<key>isa</key>
			<string>PBXProject</string>
			<key>knownRegions</key>
			<array>
				<string>en</string>
			</array>
			<key>mainGroup</key>
			<string>25BC7C3E17F37FF900A295FC</string>
			<key>productRefGroup</key>
			<string>25BC7C4817F37FF900A295FC</string>
			<key>projectDirPath</key>
			<string></string>
			<key>projectReferences</key>
			<array/>
			<key>projectRoot</key>
			<string></string>
			<key>targets</key>
			<array>
				<string>25BC7C4617F37FF900A295FC</string>
			</array>
		</dict>
		<key>25BC7C4217F37FF900A295FC</key>
		<dict>
			<key>buildConfigurations</key>
			<array>
				<string>25BC7C6B17F37FF900A295FC</string>
				<string>25BC7C6C17F37FF900A295FC</string>
			</array>
			<key>defaultConfigurationIsVisible</key>
			<string>0</string>
			<key>defaultConfigurationName</key>
			<string>Release</string>
			<key>isa</key>
			<string>XCConfigurationList</string>
		</dict>
		<key>25BC7C4317F37FF900A295FC</key>
		<dict>
			<key>buildActionMask</key>
			<string>2147483647</string>
			<key>files</key>
			<array>
				<string>25BC7C5717F37FF900A295FC</string>
				<string>25BC7C5B17F37FF900A295FC</string>
				<string>259337181825BDA80044B183</string>
				<string>25BC7C6A17F37FF900A295FC</string>
				<string>38FC08AF190DBA5700C033F9</string>
				<string>25BC7C7217F38C8900A295FC</string>
				<string>25F5D03E18108C1F002B8D47</string>
				<string>38FC08B0190DBA5700C033F9</string>
				<string>38FC08B1190DBA5700C033F9</string>
				<string>38FC08B3190DBA5700C033F9</string>
				<string>25F5D03F18108C1F002B8D47</string>
				<string>38FC08B2190DBA5700C033F9</string>
				<string>25F5D04018108C1F002B8D47</string>
				<string>25D05C741812FC6C00A5FA6B</string>
			</array>
			<key>isa</key>
			<string>PBXSourcesBuildPhase</string>
			<key>runOnlyForDeploymentPostprocessing</key>
			<string>0</string>
		</dict>
		<key>25BC7C4417F37FF900A295FC</key>
		<dict>
			<key>buildActionMask</key>
			<string>2147483647</string>
			<key>files</key>
			<array>
				<string>25BC7C4D17F37FF900A295FC</string>
				<string>25F5D04818108C8F002B8D47</string>
				<string>25F5D04618108C89002B8D47</string>
				<string>25F5D04418108C84002B8D47</string>
				<string>25BC7C4B17F37FF900A295FC</string>
				<string>25BC7C4F17F37FF900A295FC</string>
				<string>8982425122D946949030C138</string>
			</array>
			<key>isa</key>
			<string>PBXFrameworksBuildPhase</string>
			<key>runOnlyForDeploymentPostprocessing</key>
			<string>0</string>
		</dict>
		<key>25BC7C4517F37FF900A295FC</key>
		<dict>
			<key>buildActionMask</key>
			<string>2147483647</string>
			<key>files</key>
			<array>
				<string>25BC7C5517F37FF900A295FC</string>
				<string>25BC7C5D17F37FF900A295FC</string>
				<string>25BC7C5F17F37FF900A295FC</string>
				<string>25BC7C6117F37FF900A295FC</string>
				<string>25BC7C6417F37FF900A295FC</string>
				<string>25BC7C6717F37FF900A295FC</string>
				<string>2593371A18296FE60044B183</string>
			</array>
			<key>isa</key>
			<string>PBXResourcesBuildPhase</string>
			<key>runOnlyForDeploymentPostprocessing</key>
			<string>0</string>
		</dict>
		<key>25BC7C4617F37FF900A295FC</key>
		<dict>
			<key>buildConfigurationList</key>
			<string>25BC7C6D17F37FF900A295FC</string>
			<key>buildPhases</key>
			<array>
				<string>F7F4C990D6CA45C18BE079E1</string>
				<string>25BC7C4317F37FF900A295FC</string>
				<string>25BC7C4417F37FF900A295FC</string>
				<string>25BC7C4517F37FF900A295FC</string>
				<string>F091E16EB3414D3FB37480E8</string>
			</array>
			<key>buildRules</key>
			<array/>
			<key>dependencies</key>
			<array/>
			<key>isa</key>
			<string>PBXNativeTarget</string>
			<key>name</key>
			<string>CoDrawing</string>
			<key>productName</key>
			<string>CoDrawing</string>
			<key>productReference</key>
			<string>25BC7C4717F37FF900A295FC</string>
			<key>productType</key>
			<string>com.apple.product-type.application</string>
		</dict>
		<key>25BC7C4717F37FF900A295FC</key>
		<dict>
			<key>explicitFileType</key>
			<string>wrapper.application</string>
			<key>includeInIndex</key>
			<string>0</string>
			<key>isa</key>
			<string>PBXFileReference</string>
			<key>path</key>
			<string>CoDrawing.app</string>
			<key>sourceTree</key>
			<string>BUILT_PRODUCTS_DIR</string>
		</dict>
		<key>25BC7C4817F37FF900A295FC</key>
		<dict>
			<key>children</key>
			<array>
				<string>25BC7C4717F37FF900A295FC</string>
			</array>
			<key>isa</key>
			<string>PBXGroup</string>
			<key>name</key>
			<string>Products</string>
			<key>sourceTree</key>
			<string>&lt;group&gt;</string>
		</dict>
		<key>25BC7C4917F37FF900A295FC</key>
		<dict>
			<key>children</key>
			<array>
				<string>25BC7C4A17F37FF900A295FC</string>
				<string>25BC7C4C17F37FF900A295FC</string>
				<string>25BC7C4E17F37FF900A295FC</string>
				<string>269569EEB8FF4BAC9466282E</string>
			</array>
			<key>isa</key>
			<string>PBXGroup</string>
			<key>name</key>
			<string>Frameworks</string>
			<key>sourceTree</key>
			<string>&lt;group&gt;</string>
		</dict>
		<key>25BC7C4A17F37FF900A295FC</key>
		<dict>
			<key>isa</key>
			<string>PBXFileReference</string>
			<key>lastKnownFileType</key>
			<string>wrapper.framework</string>
			<key>name</key>
			<string>UIKit.framework</string>
			<key>path</key>
			<string>System/Library/Frameworks/UIKit.framework</string>
			<key>sourceTree</key>
			<string>SDKROOT</string>
		</dict>
		<key>25BC7C4B17F37FF900A295FC</key>
		<dict>
			<key>fileRef</key>
			<string>25BC7C4A17F37FF900A295FC</string>
			<key>isa</key>
			<string>PBXBuildFile</string>
		</dict>
		<key>25BC7C4C17F37FF900A295FC</key>
		<dict>
			<key>isa</key>
			<string>PBXFileReference</string>
			<key>lastKnownFileType</key>
			<string>wrapper.framework</string>
			<key>name</key>
			<string>Foundation.framework</string>
			<key>path</key>
			<string>System/Library/Frameworks/Foundation.framework</string>
			<key>sourceTree</key>
			<string>SDKROOT</string>
		</dict>
		<key>25BC7C4D17F37FF900A295FC</key>
		<dict>
			<key>fileRef</key>
			<string>25BC7C4C17F37FF900A295FC</string>
			<key>isa</key>
			<string>PBXBuildFile</string>
		</dict>
		<key>25BC7C4E17F37FF900A295FC</key>
		<dict>
			<key>isa</key>
			<string>PBXFileReference</string>
			<key>lastKnownFileType</key>
			<string>wrapper.framework</string>
			<key>name</key>
			<string>CoreGraphics.framework</string>
			<key>path</key>
			<string>System/Library/Frameworks/CoreGraphics.framework</string>
			<key>sourceTree</key>
			<string>SDKROOT</string>
		</dict>
		<key>25BC7C4F17F37FF900A295FC</key>
		<dict>
			<key>fileRef</key>
			<string>25BC7C4E17F37FF900A295FC</string>
			<key>isa</key>
			<string>PBXBuildFile</string>
		</dict>
		<key>25BC7C5017F37FF900A295FC</key>
		<dict>
			<key>children</key>
			<array>
				<string>25F5D03518108C10002B8D47</string>
				<string>25BC7C5917F37FF900A295FC</string>
				<string>25BC7C5A17F37FF900A295FC</string>
				<string>25BC7C6217F37FF900A295FC</string>
				<string>25BC7C6517F37FF900A295FC</string>
				<string>25BC7C6817F37FF900A295FC</string>
				<string>25BC7C6917F37FF900A295FC</string>
				<string>25D05C721812FC6C00A5FA6B</string>
				<string>25D05C731812FC6C00A5FA6B</string>
				<string>25BC7C7017F38C8900A295FC</string>
				<string>25BC7C7117F38C8900A295FC</string>
				<string>259337161825BDA80044B183</string>
				<string>259337171825BDA80044B183</string>
				<string>25BC7C5117F37FF900A295FC</string>
			</array>
			<key>isa</key>
			<string>PBXGroup</string>
			<key>path</key>
			<string>CoDrawing</string>
			<key>sourceTree</key>
			<string>&lt;group&gt;</string>
		</dict>
		<key>25BC7C5117F37FF900A295FC</key>
		<dict>
			<key>children</key>
			<array>
				<string>2593371918296FE60044B183</string>
				<string>25BC7C5217F37FF900A295FC</string>
				<string>25BC7C5317F37FF900A295FC</string>
				<string>25BC7C5617F37FF900A295FC</string>
				<string>25BC7C5817F37FF900A295FC</string>
				<string>25BC7C5C17F37FF900A295FC</string>
				<string>25BC7C5E17F37FF900A295FC</string>
				<string>25BC7C6017F37FF900A295FC</string>
			</array>
			<key>isa</key>
			<string>PBXGroup</string>
			<key>name</key>
			<string>Supporting Files</string>
			<key>sourceTree</key>
			<string>&lt;group&gt;</string>
		</dict>
		<key>25BC7C5217F37FF900A295FC</key>
		<dict>
			<key>isa</key>
			<string>PBXFileReference</string>
			<key>lastKnownFileType</key>
			<string>text.plist.xml</string>
			<key>path</key>
			<string>CoDrawing-Info.plist</string>
			<key>sourceTree</key>
			<string>&lt;group&gt;</string>
		</dict>
		<key>25BC7C5317F37FF900A295FC</key>
		<dict>
			<key>children</key>
			<array>
				<string>25BC7C5417F37FF900A295FC</string>
			</array>
			<key>isa</key>
			<string>PBXVariantGroup</string>
			<key>name</key>
			<string>InfoPlist.strings</string>
			<key>sourceTree</key>
			<string>&lt;group&gt;</string>
		</dict>
		<key>25BC7C5417F37FF900A295FC</key>
		<dict>
			<key>isa</key>
			<string>PBXFileReference</string>
			<key>lastKnownFileType</key>
			<string>text.plist.strings</string>
			<key>name</key>
			<string>en</string>
			<key>path</key>
			<string>en.lproj/InfoPlist.strings</string>
			<key>sourceTree</key>
			<string>&lt;group&gt;</string>
		</dict>
		<key>25BC7C5517F37FF900A295FC</key>
		<dict>
			<key>fileRef</key>
			<string>25BC7C5317F37FF900A295FC</string>
			<key>isa</key>
			<string>PBXBuildFile</string>
		</dict>
		<key>25BC7C5617F37FF900A295FC</key>
		<dict>
			<key>isa</key>
			<string>PBXFileReference</string>
			<key>lastKnownFileType</key>
			<string>sourcecode.c.objc</string>
			<key>path</key>
			<string>main.m</string>
			<key>sourceTree</key>
			<string>&lt;group&gt;</string>
		</dict>
		<key>25BC7C5717F37FF900A295FC</key>
		<dict>
			<key>fileRef</key>
			<string>25BC7C5617F37FF900A295FC</string>
			<key>isa</key>
			<string>PBXBuildFile</string>
		</dict>
		<key>25BC7C5817F37FF900A295FC</key>
		<dict>
			<key>isa</key>
			<string>PBXFileReference</string>
			<key>lastKnownFileType</key>
			<string>sourcecode.c.h</string>
			<key>path</key>
			<string>CoDrawing-Prefix.pch</string>
			<key>sourceTree</key>
			<string>&lt;group&gt;</string>
		</dict>
		<key>25BC7C5917F37FF900A295FC</key>
		<dict>
			<key>isa</key>
			<string>PBXFileReference</string>
			<key>lastKnownFileType</key>
			<string>sourcecode.c.h</string>
			<key>path</key>
			<string>AppDelegate.h</string>
			<key>sourceTree</key>
			<string>&lt;group&gt;</string>
		</dict>
		<key>25BC7C5A17F37FF900A295FC</key>
		<dict>
			<key>isa</key>
			<string>PBXFileReference</string>
			<key>lastKnownFileType</key>
			<string>sourcecode.c.objc</string>
			<key>path</key>
			<string>AppDelegate.m</string>
			<key>sourceTree</key>
			<string>&lt;group&gt;</string>
		</dict>
		<key>25BC7C5B17F37FF900A295FC</key>
		<dict>
			<key>fileRef</key>
			<string>25BC7C5A17F37FF900A295FC</string>
			<key>isa</key>
			<string>PBXBuildFile</string>
		</dict>
		<key>25BC7C5C17F37FF900A295FC</key>
		<dict>
			<key>isa</key>
			<string>PBXFileReference</string>
			<key>lastKnownFileType</key>
			<string>image.png</string>
			<key>path</key>
			<string>Default.png</string>
			<key>sourceTree</key>
			<string>&lt;group&gt;</string>
		</dict>
		<key>25BC7C5D17F37FF900A295FC</key>
		<dict>
			<key>fileRef</key>
			<string>25BC7C5C17F37FF900A295FC</string>
			<key>isa</key>
			<string>PBXBuildFile</string>
		</dict>
		<key>25BC7C5E17F37FF900A295FC</key>
		<dict>
			<key>isa</key>
			<string>PBXFileReference</string>
			<key>lastKnownFileType</key>
			<string>image.png</string>
			<key>path</key>
			<string>Default@2x.png</string>
			<key>sourceTree</key>
			<string>&lt;group&gt;</string>
		</dict>
		<key>25BC7C5F17F37FF900A295FC</key>
		<dict>
			<key>fileRef</key>
			<string>25BC7C5E17F37FF900A295FC</string>
			<key>isa</key>
			<string>PBXBuildFile</string>
		</dict>
		<key>25BC7C6017F37FF900A295FC</key>
		<dict>
			<key>isa</key>
			<string>PBXFileReference</string>
			<key>lastKnownFileType</key>
			<string>image.png</string>
			<key>path</key>
			<string>Default-568h@2x.png</string>
			<key>sourceTree</key>
			<string>&lt;group&gt;</string>
		</dict>
		<key>25BC7C6117F37FF900A295FC</key>
		<dict>
			<key>fileRef</key>
			<string>25BC7C6017F37FF900A295FC</string>
			<key>isa</key>
			<string>PBXBuildFile</string>
		</dict>
		<key>25BC7C6217F37FF900A295FC</key>
		<dict>
			<key>children</key>
			<array>
				<string>25BC7C6317F37FF900A295FC</string>
			</array>
			<key>isa</key>
			<string>PBXVariantGroup</string>
			<key>name</key>
			<string>MainStoryboard_iPhone.storyboard</string>
			<key>sourceTree</key>
			<string>&lt;group&gt;</string>
		</dict>
		<key>25BC7C6317F37FF900A295FC</key>
		<dict>
			<key>isa</key>
			<string>PBXFileReference</string>
			<key>lastKnownFileType</key>
			<string>file.storyboard</string>
			<key>name</key>
			<string>en</string>
			<key>path</key>
			<string>en.lproj/MainStoryboard_iPhone.storyboard</string>
			<key>sourceTree</key>
			<string>&lt;group&gt;</string>
		</dict>
		<key>25BC7C6417F37FF900A295FC</key>
		<dict>
			<key>fileRef</key>
			<string>25BC7C6217F37FF900A295FC</string>
			<key>isa</key>
			<string>PBXBuildFile</string>
		</dict>
		<key>25BC7C6517F37FF900A295FC</key>
		<dict>
			<key>children</key>
			<array>
				<string>25BC7C6617F37FF900A295FC</string>
			</array>
			<key>isa</key>
			<string>PBXVariantGroup</string>
			<key>name</key>
			<string>MainStoryboard_iPad.storyboard</string>
			<key>sourceTree</key>
			<string>&lt;group&gt;</string>
		</dict>
		<key>25BC7C6617F37FF900A295FC</key>
		<dict>
			<key>isa</key>
			<string>PBXFileReference</string>
			<key>lastKnownFileType</key>
			<string>file.storyboard</string>
			<key>name</key>
			<string>en</string>
			<key>path</key>
			<string>en.lproj/MainStoryboard_iPad.storyboard</string>
			<key>sourceTree</key>
			<string>&lt;group&gt;</string>
		</dict>
		<key>25BC7C6717F37FF900A295FC</key>
		<dict>
			<key>fileRef</key>
			<string>25BC7C6517F37FF900A295FC</string>
			<key>isa</key>
			<string>PBXBuildFile</string>
		</dict>
		<key>25BC7C6817F37FF900A295FC</key>
		<dict>
			<key>isa</key>
			<string>PBXFileReference</string>
			<key>lastKnownFileType</key>
			<string>sourcecode.c.h</string>
			<key>path</key>
			<string>ViewController.h</string>
			<key>sourceTree</key>
			<string>&lt;group&gt;</string>
		</dict>
		<key>25BC7C6917F37FF900A295FC</key>
		<dict>
			<key>isa</key>
			<string>PBXFileReference</string>
			<key>lastKnownFileType</key>
			<string>sourcecode.c.objc</string>
			<key>path</key>
			<string>ViewController.m</string>
			<key>sourceTree</key>
			<string>&lt;group&gt;</string>
		</dict>
		<key>25BC7C6A17F37FF900A295FC</key>
		<dict>
			<key>fileRef</key>
			<string>25BC7C6917F37FF900A295FC</string>
			<key>isa</key>
			<string>PBXBuildFile</string>
		</dict>
		<key>25BC7C6B17F37FF900A295FC</key>
		<dict>
			<key>buildSettings</key>
			<dict>
				<key>ALWAYS_SEARCH_USER_PATHS</key>
				<string>NO</string>
				<key>CLANG_CXX_LANGUAGE_STANDARD</key>
				<string>gnu++0x</string>
				<key>CLANG_CXX_LIBRARY</key>
				<string>libc++</string>
				<key>CLANG_ENABLE_OBJC_ARC</key>
				<string>YES</string>
				<key>CLANG_WARN_CONSTANT_CONVERSION</key>
				<string>YES</string>
				<key>CLANG_WARN_EMPTY_BODY</key>
				<string>YES</string>
				<key>CLANG_WARN_ENUM_CONVERSION</key>
				<string>YES</string>
				<key>CLANG_WARN_INT_CONVERSION</key>
				<string>YES</string>
				<key>CLANG_WARN__DUPLICATE_METHOD_MATCH</key>
				<string>YES</string>
				<key>CODE_SIGN_IDENTITY</key>
				<string>iPhone Developer: Lukasz Czarnecki (9D5RZ6Q9AM)</string>
				<key>CODE_SIGN_IDENTITY[sdk=iphoneos*]</key>
				<string>iPhone Developer</string>
				<key>COPY_PHASE_STRIP</key>
				<string>NO</string>
				<key>GCC_C_LANGUAGE_STANDARD</key>
				<string>gnu99</string>
				<key>GCC_DYNAMIC_NO_PIC</key>
				<string>NO</string>
				<key>GCC_OPTIMIZATION_LEVEL</key>
				<string>0</string>
				<key>GCC_PREPROCESSOR_DEFINITIONS</key>
				<array>
					<string>DEBUG=1</string>
					<string>$(inherited)</string>
				</array>
				<key>GCC_SYMBOLS_PRIVATE_EXTERN</key>
				<string>NO</string>
				<key>GCC_WARN_ABOUT_RETURN_TYPE</key>
				<string>YES</string>
				<key>GCC_WARN_UNINITIALIZED_AUTOS</key>
				<string>YES</string>
				<key>GCC_WARN_UNUSED_VARIABLE</key>
				<string>YES</string>
				<key>IPHONEOS_DEPLOYMENT_TARGET</key>
				<string>6.1</string>
				<key>ONLY_ACTIVE_ARCH</key>
				<string>YES</string>
				<key>PROVISIONING_PROFILE</key>
				<string>21E51F51-E461-46DF-8A77-FFCE43C58A8F</string>
				<key>SDKROOT</key>
				<string>iphoneos</string>
				<key>TARGETED_DEVICE_FAMILY</key>
				<string>1,2</string>
			</dict>
			<key>isa</key>
			<string>XCBuildConfiguration</string>
			<key>name</key>
			<string>Debug</string>
		</dict>
		<key>25BC7C6C17F37FF900A295FC</key>
		<dict>
			<key>buildSettings</key>
			<dict>
				<key>ALWAYS_SEARCH_USER_PATHS</key>
				<string>NO</string>
				<key>CLANG_CXX_LANGUAGE_STANDARD</key>
				<string>gnu++0x</string>
				<key>CLANG_CXX_LIBRARY</key>
				<string>libc++</string>
				<key>CLANG_ENABLE_OBJC_ARC</key>
				<string>YES</string>
				<key>CLANG_WARN_CONSTANT_CONVERSION</key>
				<string>YES</string>
				<key>CLANG_WARN_EMPTY_BODY</key>
				<string>YES</string>
				<key>CLANG_WARN_ENUM_CONVERSION</key>
				<string>YES</string>
				<key>CLANG_WARN_INT_CONVERSION</key>
				<string>YES</string>
				<key>CLANG_WARN__DUPLICATE_METHOD_MATCH</key>
				<string>YES</string>
				<key>CODE_SIGN_IDENTITY</key>
				<string>iPhone Developer: Lukasz Czarnecki (9D5RZ6Q9AM)</string>
				<key>CODE_SIGN_IDENTITY[sdk=iphoneos*]</key>
				<string>iPhone Developer</string>
				<key>COPY_PHASE_STRIP</key>
				<string>YES</string>
				<key>GCC_C_LANGUAGE_STANDARD</key>
				<string>gnu99</string>
				<key>GCC_WARN_ABOUT_RETURN_TYPE</key>
				<string>YES</string>
				<key>GCC_WARN_UNINITIALIZED_AUTOS</key>
				<string>YES</string>
				<key>GCC_WARN_UNUSED_VARIABLE</key>
				<string>YES</string>
				<key>IPHONEOS_DEPLOYMENT_TARGET</key>
				<string>6.1</string>
				<key>OTHER_CFLAGS</key>
				<string>-DNS_BLOCK_ASSERTIONS=1</string>
				<key>PROVISIONING_PROFILE</key>
				<string>21E51F51-E461-46DF-8A77-FFCE43C58A8F</string>
				<key>SDKROOT</key>
				<string>iphoneos</string>
				<key>TARGETED_DEVICE_FAMILY</key>
				<string>1,2</string>
				<key>VALIDATE_PRODUCT</key>
				<string>YES</string>
			</dict>
			<key>isa</key>
			<string>XCBuildConfiguration</string>
			<key>name</key>
			<string>Release</string>
		</dict>
		<key>25BC7C6D17F37FF900A295FC</key>
		<dict>
			<key>buildConfigurations</key>
			<array>
				<string>25BC7C6E17F37FF900A295FC</string>
				<string>25BC7C6F17F37FF900A295FC</string>
			</array>
			<key>defaultConfigurationIsVisible</key>
			<string>0</string>
			<key>defaultConfigurationName</key>
			<string>Release</string>
			<key>isa</key>
			<string>XCConfigurationList</string>
		</dict>
		<key>25BC7C6E17F37FF900A295FC</key>
		<dict>
			<key>baseConfigurationReference</key>
			<string>01A6CCFC17844CBD9EEE5DD4</string>
			<key>buildSettings</key>
			<dict>
				<key>CODE_SIGN_IDENTITY</key>
				<string>iPhone Developer</string>
				<key>CODE_SIGN_IDENTITY[sdk=iphoneos*]</key>
				<string>iPhone Developer</string>
				<key>GCC_PRECOMPILE_PREFIX_HEADER</key>
				<string>YES</string>
				<key>GCC_PREFIX_HEADER</key>
				<string>CoDrawing/CoDrawing-Prefix.pch</string>
				<key>INFOPLIST_FILE</key>
				<string>CoDrawing/CoDrawing-Info.plist</string>
				<key>PRODUCT_NAME</key>
				<string>$(TARGET_NAME)</string>
				<key>PROVISIONING_PROFILE</key>
				<string></string>
				<key>WRAPPER_EXTENSION</key>
				<string>app</string>
			</dict>
			<key>isa</key>
			<string>XCBuildConfiguration</string>
			<key>name</key>
			<string>Debug</string>
		</dict>
		<key>25BC7C6F17F37FF900A295FC</key>
		<dict>
			<key>baseConfigurationReference</key>
			<string>01A6CCFC17844CBD9EEE5DD4</string>
			<key>buildSettings</key>
			<dict>
				<key>CODE_SIGN_IDENTITY</key>
				<string>iPhone Developer</string>
				<key>CODE_SIGN_IDENTITY[sdk=iphoneos*]</key>
				<string>iPhone Developer</string>
				<key>GCC_PRECOMPILE_PREFIX_HEADER</key>
				<string>YES</string>
				<key>GCC_PREFIX_HEADER</key>
				<string>CoDrawing/CoDrawing-Prefix.pch</string>
				<key>INFOPLIST_FILE</key>
				<string>CoDrawing/CoDrawing-Info.plist</string>
				<key>PRODUCT_NAME</key>
				<string>$(TARGET_NAME)</string>
				<key>PROVISIONING_PROFILE</key>
				<string></string>
				<key>WRAPPER_EXTENSION</key>
				<string>app</string>
			</dict>
			<key>isa</key>
			<string>XCBuildConfiguration</string>
			<key>name</key>
			<string>Release</string>
		</dict>
		<key>25BC7C7017F38C8900A295FC</key>
		<dict>
			<key>fileEncoding</key>
			<string>4</string>
			<key>isa</key>
			<string>PBXFileReference</string>
			<key>lastKnownFileType</key>
			<string>sourcecode.c.h</string>
			<key>path</key>
			<string>EditingEvent.h</string>
			<key>sourceTree</key>
			<string>&lt;group&gt;</string>
		</dict>
		<key>25BC7C7117F38C8900A295FC</key>
		<dict>
			<key>fileEncoding</key>
			<string>4</string>
			<key>isa</key>
			<string>PBXFileReference</string>
			<key>lastKnownFileType</key>
			<string>sourcecode.c.objc</string>
			<key>path</key>
			<string>EditingEvent.m</string>
			<key>sourceTree</key>
			<string>&lt;group&gt;</string>
		</dict>
		<key>25BC7C7217F38C8900A295FC</key>
		<dict>
			<key>fileRef</key>
			<string>25BC7C7117F38C8900A295FC</string>
			<key>isa</key>
			<string>PBXBuildFile</string>
		</dict>
		<key>25D05C721812FC6C00A5FA6B</key>
		<dict>
			<key>fileEncoding</key>
			<string>4</string>
			<key>isa</key>
			<string>PBXFileReference</string>
			<key>lastKnownFileType</key>
			<string>sourcecode.c.h</string>
			<key>path</key>
			<string>RemoteDrawingSyncManager.h</string>
			<key>sourceTree</key>
			<string>&lt;group&gt;</string>
		</dict>
		<key>25D05C731812FC6C00A5FA6B</key>
		<dict>
			<key>fileEncoding</key>
			<string>4</string>
			<key>isa</key>
			<string>PBXFileReference</string>
			<key>lastKnownFileType</key>
			<string>sourcecode.c.objc</string>
			<key>path</key>
			<string>RemoteDrawingSyncManager.m</string>
			<key>sourceTree</key>
			<string>&lt;group&gt;</string>
		</dict>
		<key>25D05C741812FC6C00A5FA6B</key>
		<dict>
			<key>fileRef</key>
			<string>25D05C731812FC6C00A5FA6B</string>
			<key>isa</key>
			<string>PBXBuildFile</string>
		</dict>
		<key>25F5D03518108C10002B8D47</key>
		<dict>
			<key>children</key>
			<array>
				<string>25F5D04918108E22002B8D47</string>
				<string>25F5D03618108C1F002B8D47</string>
			</array>
			<key>isa</key>
			<string>PBXGroup</string>
			<key>name</key>
			<string>Extern</string>
			<key>sourceTree</key>
			<string>&lt;group&gt;</string>
		</dict>
		<key>25F5D03618108C1F002B8D47</key>
		<dict>
			<key>children</key>
			<array>
				<string>25F5D03718108C1F002B8D47</string>
				<string>25F5D03818108C1F002B8D47</string>
				<string>25F5D03918108C1F002B8D47</string>
				<string>25F5D03A18108C1F002B8D47</string>
				<string>25F5D03B18108C1F002B8D47</string>
				<string>25F5D03C18108C1F002B8D47</string>
				<string>25F5D03D18108C1F002B8D47</string>
			</array>
			<key>isa</key>
			<string>PBXGroup</string>
			<key>name</key>
			<string>SocketRocket</string>
			<key>path</key>
			<string>Extern/submodules/socket-rocket/SocketRocket</string>
			<key>sourceTree</key>
			<string>SOURCE_ROOT</string>
		</dict>
		<key>25F5D03718108C1F002B8D47</key>
		<dict>
			<key>fileEncoding</key>
			<string>4</string>
			<key>isa</key>
			<string>PBXFileReference</string>
			<key>lastKnownFileType</key>
			<string>sourcecode.c.c</string>
			<key>path</key>
			<string>base64.c</string>
			<key>sourceTree</key>
			<string>&lt;group&gt;</string>
		</dict>
		<key>25F5D03818108C1F002B8D47</key>
		<dict>
			<key>fileEncoding</key>
			<string>4</string>
			<key>isa</key>
			<string>PBXFileReference</string>
			<key>lastKnownFileType</key>
			<string>sourcecode.c.h</string>
			<key>path</key>
			<string>base64.h</string>
			<key>sourceTree</key>
			<string>&lt;group&gt;</string>
		</dict>
		<key>25F5D03918108C1F002B8D47</key>
		<dict>
			<key>fileEncoding</key>
			<string>4</string>
			<key>isa</key>
			<string>PBXFileReference</string>
			<key>lastKnownFileType</key>
			<string>sourcecode.c.h</string>
			<key>path</key>
			<string>NSData+SRB64Additions.h</string>
			<key>sourceTree</key>
			<string>&lt;group&gt;</string>
		</dict>
		<key>25F5D03A18108C1F002B8D47</key>
		<dict>
			<key>fileEncoding</key>
			<string>4</string>
			<key>isa</key>
			<string>PBXFileReference</string>
			<key>lastKnownFileType</key>
			<string>sourcecode.c.objc</string>
			<key>path</key>
			<string>NSData+SRB64Additions.m</string>
			<key>sourceTree</key>
			<string>&lt;group&gt;</string>
		</dict>
		<key>25F5D03B18108C1F002B8D47</key>
		<dict>
			<key>fileEncoding</key>
			<string>4</string>
			<key>isa</key>
			<string>PBXFileReference</string>
			<key>lastKnownFileType</key>
			<string>sourcecode.c.h</string>
			<key>path</key>
			<string>SocketRocket-Prefix.pch</string>
			<key>sourceTree</key>
			<string>&lt;group&gt;</string>
		</dict>
		<key>25F5D03C18108C1F002B8D47</key>
		<dict>
			<key>fileEncoding</key>
			<string>4</string>
			<key>isa</key>
			<string>PBXFileReference</string>
			<key>lastKnownFileType</key>
			<string>sourcecode.c.h</string>
			<key>path</key>
			<string>SRWebSocket.h</string>
			<key>sourceTree</key>
			<string>&lt;group&gt;</string>
		</dict>
		<key>25F5D03D18108C1F002B8D47</key>
		<dict>
			<key>fileEncoding</key>
			<string>4</string>
			<key>isa</key>
			<string>PBXFileReference</string>
			<key>lastKnownFileType</key>
			<string>sourcecode.c.objc</string>
			<key>path</key>
			<string>SRWebSocket.m</string>
			<key>sourceTree</key>
			<string>&lt;group&gt;</string>
		</dict>
		<key>25F5D03E18108C1F002B8D47</key>
		<dict>
			<key>fileRef</key>
			<string>25F5D03718108C1F002B8D47</string>
			<key>isa</key>
			<string>PBXBuildFile</string>
		</dict>
		<key>25F5D03F18108C1F002B8D47</key>
		<dict>
			<key>fileRef</key>
			<string>25F5D03A18108C1F002B8D47</string>
			<key>isa</key>
			<string>PBXBuildFile</string>
		</dict>
		<key>25F5D04018108C1F002B8D47</key>
		<dict>
			<key>fileRef</key>
			<string>25F5D03D18108C1F002B8D47</string>
			<key>isa</key>
			<string>PBXBuildFile</string>
		</dict>
		<key>25F5D04118108C49002B8D47</key>
		<dict>
			<key>isa</key>
			<string>PBXFileReference</string>
			<key>lastKnownFileType</key>
			<string>wrapper.framework</string>
			<key>name</key>
			<string>MessageUI.framework</string>
			<key>path</key>
			<string>System/Library/Frameworks/MessageUI.framework</string>
			<key>sourceTree</key>
			<string>SDKROOT</string>
		</dict>
		<key>25F5D04318108C84002B8D47</key>
		<dict>
			<key>isa</key>
			<string>PBXFileReference</string>
			<key>lastKnownFileType</key>
			<string>compiled.mach-o.dylib</string>
			<key>name</key>
			<string>libicucore.dylib</string>
			<key>path</key>
			<string>usr/lib/libicucore.dylib</string>
			<key>sourceTree</key>
			<string>SDKROOT</string>
		</dict>
		<key>25F5D04418108C84002B8D47</key>
		<dict>
			<key>fileRef</key>
			<string>25F5D04318108C84002B8D47</string>
			<key>isa</key>
			<string>PBXBuildFile</string>
		</dict>
		<key>25F5D04518108C89002B8D47</key>
		<dict>
			<key>isa</key>
			<string>PBXFileReference</string>
			<key>lastKnownFileType</key>
			<string>wrapper.framework</string>
			<key>name</key>
			<string>CFNetwork.framework</string>
			<key>path</key>
			<string>System/Library/Frameworks/CFNetwork.framework</string>
			<key>sourceTree</key>
			<string>SDKROOT</string>
		</dict>
		<key>25F5D04618108C89002B8D47</key>
		<dict>
			<key>fileRef</key>
			<string>25F5D04518108C89002B8D47</string>
			<key>isa</key>
			<string>PBXBuildFile</string>
		</dict>
		<key>25F5D04718108C8F002B8D47</key>
		<dict>
			<key>isa</key>
			<string>PBXFileReference</string>
			<key>lastKnownFileType</key>
			<string>wrapper.framework</string>
			<key>name</key>
			<string>Security.framework</string>
			<key>path</key>
			<string>System/Library/Frameworks/Security.framework</string>
			<key>sourceTree</key>
			<string>SDKROOT</string>
		</dict>
		<key>25F5D04818108C8F002B8D47</key>
		<dict>
			<key>fileRef</key>
			<string>25F5D04718108C8F002B8D47</string>
			<key>isa</key>
			<string>PBXBuildFile</string>
		</dict>
		<key>25F5D04918108E22002B8D47</key>
		<dict>
			<key>children</key>
			<array>
				<string>38FC08A4190DBA5700C033F9</string>
				<string>38FC08A5190DBA5700C033F9</string>
				<string>38FC08A6190DBA5700C033F9</string>
				<string>38FC08A7190DBA5700C033F9</string>
				<string>38FC08A8190DBA5700C033F9</string>
				<string>38FC08A9190DBA5700C033F9</string>
				<string>38FC08AA190DBA5700C033F9</string>
				<string>38FC08AB190DBA5700C033F9</string>
				<string>38FC08AC190DBA5700C033F9</string>
				<string>38FC08AD190DBA5700C033F9</string>
				<string>38FC08AE190DBA5700C033F9</string>
			</array>
			<key>isa</key>
			<string>PBXGroup</string>
			<key>name</key>
			<string>Socket.IO-objc</string>
			<key>sourceTree</key>
			<string>&lt;group&gt;</string>
		</dict>
		<key>269569EEB8FF4BAC9466282E</key>
		<dict>
			<key>explicitFileType</key>
			<string>archive.ar</string>
			<key>includeInIndex</key>
			<string>0</string>
			<key>isa</key>
			<string>PBXFileReference</string>
			<key>path</key>
			<string>libPods.a</string>
			<key>sourceTree</key>
			<string>BUILT_PRODUCTS_DIR</string>
		</dict>
		<key>38FC08A4190DBA5700C033F9</key>
		<dict>
			<key>fileEncoding</key>
			<string>4</string>
			<key>isa</key>
			<string>PBXFileReference</string>
			<key>lastKnownFileType</key>
			<string>sourcecode.c.h</string>
			<key>name</key>
			<string>SocketIO.h</string>
			<key>path</key>
			<string>Extern/SocketIO.h</string>
			<key>sourceTree</key>
			<string>SOURCE_ROOT</string>
		</dict>
		<key>38FC08A5190DBA5700C033F9</key>
		<dict>
			<key>fileEncoding</key>
			<string>4</string>
			<key>isa</key>
			<string>PBXFileReference</string>
			<key>lastKnownFileType</key>
			<string>sourcecode.c.objc</string>
			<key>name</key>
			<string>SocketIO.m</string>
			<key>path</key>
			<string>Extern/SocketIO.m</string>
			<key>sourceTree</key>
			<string>SOURCE_ROOT</string>
		</dict>
		<key>38FC08A6190DBA5700C033F9</key>
		<dict>
			<key>fileEncoding</key>
			<string>4</string>
			<key>isa</key>
			<string>PBXFileReference</string>
			<key>lastKnownFileType</key>
			<string>sourcecode.c.h</string>
			<key>name</key>
			<string>SocketIOJSONSerialization.h</string>
			<key>path</key>
			<string>Extern/SocketIOJSONSerialization.h</string>
			<key>sourceTree</key>
			<string>SOURCE_ROOT</string>
		</dict>
		<key>38FC08A7190DBA5700C033F9</key>
		<dict>
			<key>fileEncoding</key>
			<string>4</string>
			<key>isa</key>
			<string>PBXFileReference</string>
			<key>lastKnownFileType</key>
			<string>sourcecode.c.objc</string>
			<key>name</key>
			<string>SocketIOJSONSerialization.m</string>
			<key>path</key>
			<string>Extern/SocketIOJSONSerialization.m</string>
			<key>sourceTree</key>
			<string>SOURCE_ROOT</string>
		</dict>
		<key>38FC08A8190DBA5700C033F9</key>
		<dict>
			<key>fileEncoding</key>
			<string>4</string>
			<key>isa</key>
			<string>PBXFileReference</string>
			<key>lastKnownFileType</key>
			<string>sourcecode.c.h</string>
			<key>name</key>
			<string>SocketIOPacket.h</string>
			<key>path</key>
			<string>Extern/SocketIOPacket.h</string>
			<key>sourceTree</key>
			<string>SOURCE_ROOT</string>
		</dict>
		<key>38FC08A9190DBA5700C033F9</key>
		<dict>
			<key>fileEncoding</key>
			<string>4</string>
			<key>isa</key>
			<string>PBXFileReference</string>
			<key>lastKnownFileType</key>
			<string>sourcecode.c.objc</string>
			<key>name</key>
			<string>SocketIOPacket.m</string>
			<key>path</key>
			<string>Extern/SocketIOPacket.m</string>
			<key>sourceTree</key>
			<string>SOURCE_ROOT</string>
		</dict>
		<key>38FC08AA190DBA5700C033F9</key>
		<dict>
			<key>fileEncoding</key>
			<string>4</string>
			<key>isa</key>
			<string>PBXFileReference</string>
			<key>lastKnownFileType</key>
			<string>sourcecode.c.h</string>
			<key>name</key>
			<string>SocketIOTransport.h</string>
			<key>path</key>
			<string>Extern/SocketIOTransport.h</string>
			<key>sourceTree</key>
			<string>SOURCE_ROOT</string>
		</dict>
		<key>38FC08AB190DBA5700C033F9</key>
		<dict>
			<key>fileEncoding</key>
			<string>4</string>
			<key>isa</key>
			<string>PBXFileReference</string>
			<key>lastKnownFileType</key>
			<string>sourcecode.c.h</string>
			<key>name</key>
			<string>SocketIOTransportWebsocket.h</string>
			<key>path</key>
			<string>Extern/SocketIOTransportWebsocket.h</string>
			<key>sourceTree</key>
			<string>SOURCE_ROOT</string>
		</dict>
		<key>38FC08AC190DBA5700C033F9</key>
		<dict>
			<key>fileEncoding</key>
			<string>4</string>
			<key>isa</key>
			<string>PBXFileReference</string>
			<key>lastKnownFileType</key>
			<string>sourcecode.c.objc</string>
			<key>name</key>
			<string>SocketIOTransportWebsocket.m</string>
			<key>path</key>
			<string>Extern/SocketIOTransportWebsocket.m</string>
			<key>sourceTree</key>
			<string>SOURCE_ROOT</string>
		</dict>
		<key>38FC08AD190DBA5700C033F9</key>
		<dict>
			<key>fileEncoding</key>
			<string>4</string>
			<key>isa</key>
			<string>PBXFileReference</string>
			<key>lastKnownFileType</key>
			<string>sourcecode.c.h</string>
			<key>name</key>
			<string>SocketIOTransportXHR.h</string>
			<key>path</key>
			<string>Extern/SocketIOTransportXHR.h</string>
			<key>sourceTree</key>
			<string>SOURCE_ROOT</string>
		</dict>
		<key>38FC08AE190DBA5700C033F9</key>
		<dict>
			<key>fileEncoding</key>
			<string>4</string>
			<key>isa</key>
			<string>PBXFileReference</string>
			<key>lastKnownFileType</key>
			<string>sourcecode.c.objc</string>
			<key>name</key>
			<string>SocketIOTransportXHR.m</string>
			<key>path</key>
			<string>Extern/SocketIOTransportXHR.m</string>
			<key>sourceTree</key>
			<string>SOURCE_ROOT</string>
		</dict>
		<key>38FC08AF190DBA5700C033F9</key>
		<dict>
			<key>fileRef</key>
			<string>38FC08A5190DBA5700C033F9</string>
			<key>isa</key>
			<string>PBXBuildFile</string>
		</dict>
		<key>38FC08B0190DBA5700C033F9</key>
		<dict>
			<key>fileRef</key>
			<string>38FC08A7190DBA5700C033F9</string>
			<key>isa</key>
			<string>PBXBuildFile</string>
		</dict>
		<key>38FC08B1190DBA5700C033F9</key>
		<dict>
			<key>fileRef</key>
			<string>38FC08A9190DBA5700C033F9</string>
			<key>isa</key>
			<string>PBXBuildFile</string>
		</dict>
		<key>38FC08B2190DBA5700C033F9</key>
		<dict>
			<key>fileRef</key>
			<string>38FC08AC190DBA5700C033F9</string>
			<key>isa</key>
			<string>PBXBuildFile</string>
		</dict>
		<key>38FC08B3190DBA5700C033F9</key>
		<dict>
			<key>fileRef</key>
			<string>38FC08AE190DBA5700C033F9</string>
			<key>isa</key>
			<string>PBXBuildFile</string>
		</dict>
		<key>8982425122D946949030C138</key>
		<dict>
			<key>fileRef</key>
			<string>269569EEB8FF4BAC9466282E</string>
			<key>isa</key>
			<string>PBXBuildFile</string>
		</dict>
		<key>F091E16EB3414D3FB37480E8</key>
		<dict>
			<key>buildActionMask</key>
			<string>2147483647</string>
			<key>files</key>
			<array/>
			<key>inputPaths</key>
			<array/>
			<key>isa</key>
			<string>PBXShellScriptBuildPhase</string>
			<key>name</key>
			<string>Copy Pods Resources</string>
			<key>outputPaths</key>
			<array/>
			<key>runOnlyForDeploymentPostprocessing</key>
			<string>0</string>
			<key>shellPath</key>
			<string>/bin/sh</string>
			<key>shellScript</key>
			<string>"${SRCROOT}/Pods/Pods-resources.sh"
</string>
			<key>showEnvVarsInLog</key>
			<string>0</string>
		</dict>
		<key>F7F4C990D6CA45C18BE079E1</key>
		<dict>
			<key>buildActionMask</key>
			<string>2147483647</string>
			<key>files</key>
			<array/>
			<key>inputPaths</key>
			<array/>
			<key>isa</key>
			<string>PBXShellScriptBuildPhase</string>
			<key>name</key>
			<string>Check Pods Manifest.lock</string>
			<key>outputPaths</key>
			<array/>
			<key>runOnlyForDeploymentPostprocessing</key>
			<string>0</string>
			<key>shellPath</key>
			<string>/bin/sh</string>
			<key>shellScript</key>
			<string>diff "${PODS_ROOT}/../Podfile.lock" "${PODS_ROOT}/Manifest.lock" &gt; /dev/null
if [[ $? != 0 ]] ; then
    cat &lt;&lt; EOM
error: The sandbox is not in sync with the Podfile.lock. Run 'pod install' or update your CocoaPods installation.
EOM
    exit 1
fi
</string>
			<key>showEnvVarsInLog</key>
			<string>0</string>
		</dict>
	</dict>
	<key>rootObject</key>
	<string>25BC7C3F17F37FF900A295FC</string>
</dict>
</plist>
